
Microsoft Visual Studio Solution File, Format Version 12.00
# Visual Studio Version 17
VisualStudioVersion = 17.1.32328.378
MinimumVisualStudioVersion = 10.0.40219.1
Project("{FAE04EC0-301F-11D3-BF4B-00C04F79EFBC}") = "Loja", "Loja.csproj", "{B52F5AF1-49D3-4B2F-ABA5-5934488D0272}"
EndProject
Global
	GlobalSection(SolutionConfigurationPlatforms) = preSolution
		Debug|Any CPU = Debug|Any CPU
		Release|Any CPU = Release|Any CPU
	EndGlobalSection
	GlobalSection(ProjectConfigurationPlatforms) = postSolution
		{B52F5AF1-49D3-4B2F-ABA5-5934488D0272}.Debug|Any CPU.ActiveCfg = Debug|Any CPU
		{B52F5AF1-49D3-4B2F-ABA5-5934488D0272}.Debug|Any CPU.Build.0 = Debug|Any CPU
		{B52F5AF1-49D3-4B2F-ABA5-5934488D0272}.Release|Any CPU.ActiveCfg = Release|Any CPU
		{B52F5AF1-49D3-4B2F-ABA5-5934488D0272}.Release|Any CPU.Build.0 = Release|Any CPU
	EndGlobalSection
	GlobalSection(SolutionProperties) = preSolution
		HideSolutionNode = FALSE
	EndGlobalSection
	GlobalSection(ExtensibilityGlobals) = postSolution
		SolutionGuid = {50CBE29D-2769-4972-8AF3-5E81D244B134}
	EndGlobalSection
EndGlobal
